// !$*UTF8*$!
{
	archiveVersion = 1;
	classes = {
	};
	objectVersion = 56;
	objects = {

/* Begin PBXBuildFile section */
		A4054B5D2A06F1F9007ACE98 /* OPTextField.swift in Sources */ = {isa = PBXBuildFile; fileRef = A4054B5C2A06F1F9007ACE98 /* OPTextField.swift */; };
		A4121A112A067BE8008ABA03 /* OPSymbolButton.swift in Sources */ = {isa = PBXBuildFile; fileRef = A4121A102A067BE8008ABA03 /* OPSymbolButton.swift */; };
		A4121A152A068AFA008ABA03 /* NetworkManager.swift in Sources */ = {isa = PBXBuildFile; fileRef = A4121A142A068AFA008ABA03 /* NetworkManager.swift */; };
		A4121A192A068B7A008ABA03 /* HTTPMethods.swift in Sources */ = {isa = PBXBuildFile; fileRef = A4121A182A068B7A008ABA03 /* HTTPMethods.swift */; };
		A4121A1B2A068BA3008ABA03 /* ErrorTypes.swift in Sources */ = {isa = PBXBuildFile; fileRef = A4121A1A2A068BA3008ABA03 /* ErrorTypes.swift */; };
		A4121A1E2A068BD5008ABA03 /* APIConstants.swift in Sources */ = {isa = PBXBuildFile; fileRef = A4121A1D2A068BD5008ABA03 /* APIConstants.swift */; };
		A4121A212A068CA1008ABA03 /* WeatherService.swift in Sources */ = {isa = PBXBuildFile; fileRef = A4121A202A068CA1008ABA03 /* WeatherService.swift */; };
		A4121A242A068CE4008ABA03 /* WeatherModel.swift in Sources */ = {isa = PBXBuildFile; fileRef = A4121A232A068CE4008ABA03 /* WeatherModel.swift */; };
		A4121A272A069186008ABA03 /* WeatherVM.swift in Sources */ = {isa = PBXBuildFile; fileRef = A4121A262A069186008ABA03 /* WeatherVM.swift */; };
		A4121A292A0697F4008ABA03 /* LocationService.swift in Sources */ = {isa = PBXBuildFile; fileRef = A4121A282A0697F4008ABA03 /* LocationService.swift */; };
		A45D08BF2A08332100E07522 /* WeatherConditionsView.swift in Sources */ = {isa = PBXBuildFile; fileRef = A45D08BE2A08332100E07522 /* WeatherConditionsView.swift */; };
		A45D08C12A083FD900E07522 /* WeatherConditionsSecondView.swift in Sources */ = {isa = PBXBuildFile; fileRef = A45D08C02A083FD900E07522 /* WeatherConditionsSecondView.swift */; };
		A45E38792A0A6426006A482A /* OPButton.swift in Sources */ = {isa = PBXBuildFile; fileRef = A45E38782A0A6426006A482A /* OPButton.swift */; };
		A45F04682A094FF7008B2A0B /* FortuneModel.swift in Sources */ = {isa = PBXBuildFile; fileRef = A45F04672A094FF7008B2A0B /* FortuneModel.swift */; };
		A45F046A2A0952A4008B2A0B /* OPMiddleLabel.swift in Sources */ = {isa = PBXBuildFile; fileRef = A45F04692A0952A4008B2A0B /* OPMiddleLabel.swift */; };
		A491C3862A07B5F000C22347 /* Constants.swift in Sources */ = {isa = PBXBuildFile; fileRef = A491C3852A07B5F000C22347 /* Constants.swift */; };
		A4D484072A03CAD4001F0E7A /* AppDelegate.swift in Sources */ = {isa = PBXBuildFile; fileRef = A4D484062A03CAD4001F0E7A /* AppDelegate.swift */; };
		A4D484092A03CAD4001F0E7A /* SceneDelegate.swift in Sources */ = {isa = PBXBuildFile; fileRef = A4D484082A03CAD4001F0E7A /* SceneDelegate.swift */; };
		A4D4840B2A03CAD4001F0E7A /* WeatherVC.swift in Sources */ = {isa = PBXBuildFile; fileRef = A4D4840A2A03CAD4001F0E7A /* WeatherVC.swift */; };
		A4D484102A03CAD5001F0E7A /* Assets.xcassets in Resources */ = {isa = PBXBuildFile; fileRef = A4D4840F2A03CAD5001F0E7A /* Assets.xcassets */; };
		A4D4841E2A03CBCF001F0E7A /* SnapKit in Frameworks */ = {isa = PBXBuildFile; productRef = A4D4841D2A03CBCF001F0E7A /* SnapKit */; };
		A4D484212A03D30C001F0E7A /* OPBigLabel.swift in Sources */ = {isa = PBXBuildFile; fileRef = A4D484202A03D30C001F0E7A /* OPBigLabel.swift */; };
		A4D484292A03FF38001F0E7A /* OPDegreeLabel.swift in Sources */ = {isa = PBXBuildFile; fileRef = A4D484282A03FF38001F0E7A /* OPDegreeLabel.swift */; };
		A4D4842B2A0404F0001F0E7A /* OPImageView.swift in Sources */ = {isa = PBXBuildFile; fileRef = A4D4842A2A0404F0001F0E7A /* OPImageView.swift */; };
		A4D484312A041689001F0E7A /* OPSmallLabel.swift in Sources */ = {isa = PBXBuildFile; fileRef = A4D484302A041689001F0E7A /* OPSmallLabel.swift */; };
		A4F9D8E42A092D2B00D67E74 /* FortuneVC.swift in Sources */ = {isa = PBXBuildFile; fileRef = A4F9D8E32A092D2B00D67E74 /* FortuneVC.swift */; };
/* End PBXBuildFile section */

/* Begin PBXFileReference section */
		A4054B5C2A06F1F9007ACE98 /* OPTextField.swift */ = {isa = PBXFileReference; lastKnownFileType = sourcecode.swift; path = OPTextField.swift; sourceTree = "<group>"; };
		A4121A102A067BE8008ABA03 /* OPSymbolButton.swift */ = {isa = PBXFileReference; lastKnownFileType = sourcecode.swift; path = OPSymbolButton.swift; sourceTree = "<group>"; };
		A4121A142A068AFA008ABA03 /* NetworkManager.swift */ = {isa = PBXFileReference; lastKnownFileType = sourcecode.swift; path = NetworkManager.swift; sourceTree = "<group>"; };
		A4121A182A068B7A008ABA03 /* HTTPMethods.swift */ = {isa = PBXFileReference; lastKnownFileType = sourcecode.swift; path = HTTPMethods.swift; sourceTree = "<group>"; };
		A4121A1A2A068BA3008ABA03 /* ErrorTypes.swift */ = {isa = PBXFileReference; lastKnownFileType = sourcecode.swift; path = ErrorTypes.swift; sourceTree = "<group>"; };
		A4121A1D2A068BD5008ABA03 /* APIConstants.swift */ = {isa = PBXFileReference; lastKnownFileType = sourcecode.swift; path = APIConstants.swift; sourceTree = "<group>"; };
		A4121A202A068CA1008ABA03 /* WeatherService.swift */ = {isa = PBXFileReference; lastKnownFileType = sourcecode.swift; path = WeatherService.swift; sourceTree = "<group>"; };
		A4121A232A068CE4008ABA03 /* WeatherModel.swift */ = {isa = PBXFileReference; lastKnownFileType = sourcecode.swift; path = WeatherModel.swift; sourceTree = "<group>"; };
		A4121A262A069186008ABA03 /* WeatherVM.swift */ = {isa = PBXFileReference; lastKnownFileType = sourcecode.swift; path = WeatherVM.swift; sourceTree = "<group>"; };
		A4121A282A0697F4008ABA03 /* LocationService.swift */ = {isa = PBXFileReference; lastKnownFileType = sourcecode.swift; path = LocationService.swift; sourceTree = "<group>"; };
		A45D08BE2A08332100E07522 /* WeatherConditionsView.swift */ = {isa = PBXFileReference; lastKnownFileType = sourcecode.swift; path = WeatherConditionsView.swift; sourceTree = "<group>"; };
		A45D08C02A083FD900E07522 /* WeatherConditionsSecondView.swift */ = {isa = PBXFileReference; lastKnownFileType = sourcecode.swift; path = WeatherConditionsSecondView.swift; sourceTree = "<group>"; };
		A45E38782A0A6426006A482A /* OPButton.swift */ = {isa = PBXFileReference; lastKnownFileType = sourcecode.swift; path = OPButton.swift; sourceTree = "<group>"; };
		A45F04672A094FF7008B2A0B /* FortuneModel.swift */ = {isa = PBXFileReference; lastKnownFileType = sourcecode.swift; path = FortuneModel.swift; sourceTree = "<group>"; };
		A45F04692A0952A4008B2A0B /* OPMiddleLabel.swift */ = {isa = PBXFileReference; lastKnownFileType = sourcecode.swift; path = OPMiddleLabel.swift; sourceTree = "<group>"; };
		A491C3852A07B5F000C22347 /* Constants.swift */ = {isa = PBXFileReference; lastKnownFileType = sourcecode.swift; path = Constants.swift; sourceTree = "<group>"; };
		A4D484032A03CAD4001F0E7A /* WeatherApp.app */ = {isa = PBXFileReference; explicitFileType = wrapper.application; includeInIndex = 0; path = WeatherApp.app; sourceTree = BUILT_PRODUCTS_DIR; };
		A4D484062A03CAD4001F0E7A /* AppDelegate.swift */ = {isa = PBXFileReference; lastKnownFileType = sourcecode.swift; path = AppDelegate.swift; sourceTree = "<group>"; };
		A4D484082A03CAD4001F0E7A /* SceneDelegate.swift */ = {isa = PBXFileReference; lastKnownFileType = sourcecode.swift; path = SceneDelegate.swift; sourceTree = "<group>"; };
		A4D4840A2A03CAD4001F0E7A /* WeatherVC.swift */ = {isa = PBXFileReference; lastKnownFileType = sourcecode.swift; path = WeatherVC.swift; sourceTree = "<group>"; };
		A4D4840F2A03CAD5001F0E7A /* Assets.xcassets */ = {isa = PBXFileReference; lastKnownFileType = folder.assetcatalog; path = Assets.xcassets; sourceTree = "<group>"; };
		A4D484142A03CAD5001F0E7A /* Info.plist */ = {isa = PBXFileReference; lastKnownFileType = text.plist.xml; path = Info.plist; sourceTree = "<group>"; };
		A4D484202A03D30C001F0E7A /* OPBigLabel.swift */ = {isa = PBXFileReference; lastKnownFileType = sourcecode.swift; path = OPBigLabel.swift; sourceTree = "<group>"; };
		A4D484282A03FF38001F0E7A /* OPDegreeLabel.swift */ = {isa = PBXFileReference; lastKnownFileType = sourcecode.swift; path = OPDegreeLabel.swift; sourceTree = "<group>"; };
		A4D4842A2A0404F0001F0E7A /* OPImageView.swift */ = {isa = PBXFileReference; lastKnownFileType = sourcecode.swift; path = OPImageView.swift; sourceTree = "<group>"; };
		A4D484302A041689001F0E7A /* OPSmallLabel.swift */ = {isa = PBXFileReference; lastKnownFileType = sourcecode.swift; path = OPSmallLabel.swift; sourceTree = "<group>"; };
		A4F9D8E32A092D2B00D67E74 /* FortuneVC.swift */ = {isa = PBXFileReference; lastKnownFileType = sourcecode.swift; path = FortuneVC.swift; sourceTree = "<group>"; };
/* End PBXFileReference section */

/* Begin PBXFrameworksBuildPhase section */
		A4D484002A03CAD4001F0E7A /* Frameworks */ = {
			isa = PBXFrameworksBuildPhase;
			buildActionMask = 2147483647;
			files = (
				A4D4841E2A03CBCF001F0E7A /* SnapKit in Frameworks */,
			);
			runOnlyForDeploymentPostprocessing = 0;
		};
/* End PBXFrameworksBuildPhase section */

/* Begin PBXGroup section */
		A4054B5B2A06F1D9007ACE98 /* Text Fields */ = {
			isa = PBXGroup;
			children = (
				A4054B5C2A06F1F9007ACE98 /* OPTextField.swift */,
			);
			path = "Text Fields";
			sourceTree = "<group>";
		};
		A4121A122A067C78008ABA03 /* Buttons */ = {
			isa = PBXGroup;
			children = (
				A4121A102A067BE8008ABA03 /* OPSymbolButton.swift */,
				A45E38782A0A6426006A482A /* OPButton.swift */,
			);
			path = Buttons;
			sourceTree = "<group>";
		};
		A4121A132A068AE5008ABA03 /* Networking */ = {
			isa = PBXGroup;
			children = (
				A4121A222A068CD7008ABA03 /* Models */,
				A4121A1F2A068C88008ABA03 /* Services */,
				A4121A1C2A068BC4008ABA03 /* APIConstants */,
				A4121A172A068B63008ABA03 /* Enums */,
				A4121A162A068B03008ABA03 /* Network Manager */,
			);
			path = Networking;
			sourceTree = "<group>";
		};
		A4121A162A068B03008ABA03 /* Network Manager */ = {
			isa = PBXGroup;
			children = (
				A4121A142A068AFA008ABA03 /* NetworkManager.swift */,
			);
			path = "Network Manager";
			sourceTree = "<group>";
		};
		A4121A172A068B63008ABA03 /* Enums */ = {
			isa = PBXGroup;
			children = (
				A4121A182A068B7A008ABA03 /* HTTPMethods.swift */,
				A4121A1A2A068BA3008ABA03 /* ErrorTypes.swift */,
			);
			path = Enums;
			sourceTree = "<group>";
		};
		A4121A1C2A068BC4008ABA03 /* APIConstants */ = {
			isa = PBXGroup;
			children = (
				A4121A1D2A068BD5008ABA03 /* APIConstants.swift */,
			);
			path = APIConstants;
			sourceTree = "<group>";
		};
		A4121A1F2A068C88008ABA03 /* Services */ = {
			isa = PBXGroup;
			children = (
				A4121A202A068CA1008ABA03 /* WeatherService.swift */,
				A4121A282A0697F4008ABA03 /* LocationService.swift */,
			);
			path = Services;
			sourceTree = "<group>";
		};
		A4121A222A068CD7008ABA03 /* Models */ = {
			isa = PBXGroup;
			children = (
				A4121A232A068CE4008ABA03 /* WeatherModel.swift */,
			);
			path = Models;
			sourceTree = "<group>";
		};
		A4121A252A069179008ABA03 /* WeatherVM */ = {
			isa = PBXGroup;
			children = (
				A4121A262A069186008ABA03 /* WeatherVM.swift */,
			);
			path = WeatherVM;
			sourceTree = "<group>";
		};
		A45D08BD2A0832D800E07522 /* Subviews */ = {
			isa = PBXGroup;
			children = (
				A45D08BE2A08332100E07522 /* WeatherConditionsView.swift */,
				A45D08C02A083FD900E07522 /* WeatherConditionsSecondView.swift */,
			);
			path = Subviews;
			sourceTree = "<group>";
		};
		A45E38772A0A618A006A482A /* ViewControllers */ = {
			isa = PBXGroup;
			children = (
				A4D4840A2A03CAD4001F0E7A /* WeatherVC.swift */,
				A4F9D8E32A092D2B00D67E74 /* FortuneVC.swift */,
			);
			path = ViewControllers;
			sourceTree = "<group>";
		};
		A45E387A2A0A7246006A482A /* Helpers */ = {
			isa = PBXGroup;
			children = (
				A45E387B2A0A7255006A482A /* Models */,
				A491C3842A07B59C00C22347 /* Constants */,
			);
			path = Helpers;
			sourceTree = "<group>";
		};
		A45E387B2A0A7255006A482A /* Models */ = {
			isa = PBXGroup;
			children = (
				A45F04672A094FF7008B2A0B /* FortuneModel.swift */,
			);
			path = Models;
			sourceTree = "<group>";
		};
		A491C3842A07B59C00C22347 /* Constants */ = {
			isa = PBXGroup;
			children = (
				A491C3852A07B5F000C22347 /* Constants.swift */,
			);
			path = Constants;
			sourceTree = "<group>";
		};
		A4D483FA2A03CAD4001F0E7A = {
			isa = PBXGroup;
			children = (
				A4D484052A03CAD4001F0E7A /* WeatherApp */,
				A4D484042A03CAD4001F0E7A /* Products */,
			);
			sourceTree = "<group>";
		};
		A4D484042A03CAD4001F0E7A /* Products */ = {
			isa = PBXGroup;
			children = (
				A4D484032A03CAD4001F0E7A /* WeatherApp.app */,
			);
			name = Products;
			sourceTree = "<group>";
		};
		A4D484052A03CAD4001F0E7A /* WeatherApp */ = {
			isa = PBXGroup;
			children = (
				A45E387A2A0A7246006A482A /* Helpers */,
				A4121A132A068AE5008ABA03 /* Networking */,
				A4D4841F2A03D2D5001F0E7A /* Custom Views */,
				A4D4841B2A03CB51001F0E7A /* Controllers */,
				A4D4841A2A03CB26001F0E7A /* App */,
				A4D484142A03CAD5001F0E7A /* Info.plist */,
			);
			path = WeatherApp;
			sourceTree = "<group>";
		};
		A4D4841A2A03CB26001F0E7A /* App */ = {
			isa = PBXGroup;
			children = (
				A4D484062A03CAD4001F0E7A /* AppDelegate.swift */,
				A4D484082A03CAD4001F0E7A /* SceneDelegate.swift */,
				A4D4840F2A03CAD5001F0E7A /* Assets.xcassets */,
			);
			path = App;
			sourceTree = "<group>";
		};
		A4D4841B2A03CB51001F0E7A /* Controllers */ = {
			isa = PBXGroup;
			children = (
				A45E38772A0A618A006A482A /* ViewControllers */,
				A45D08BD2A0832D800E07522 /* Subviews */,
				A4121A252A069179008ABA03 /* WeatherVM */,
			);
			path = Controllers;
			sourceTree = "<group>";
		};
		A4D4841F2A03D2D5001F0E7A /* Custom Views */ = {
			isa = PBXGroup;
			children = (
				A4054B5B2A06F1D9007ACE98 /* Text Fields */,
				A4121A122A067C78008ABA03 /* Buttons */,
				A4D4842C2A040609001F0E7A /* Image Views */,
				A4D484222A03D51E001F0E7A /* Labels */,
			);
			path = "Custom Views";
			sourceTree = "<group>";
		};
		A4D484222A03D51E001F0E7A /* Labels */ = {
			isa = PBXGroup;
			children = (
				A4D484202A03D30C001F0E7A /* OPBigLabel.swift */,
				A4D484282A03FF38001F0E7A /* OPDegreeLabel.swift */,
				A4D484302A041689001F0E7A /* OPSmallLabel.swift */,
				A45F04692A0952A4008B2A0B /* OPMiddleLabel.swift */,
			);
			path = Labels;
			sourceTree = "<group>";
		};
		A4D4842C2A040609001F0E7A /* Image Views */ = {
			isa = PBXGroup;
			children = (
				A4D4842A2A0404F0001F0E7A /* OPImageView.swift */,
			);
			path = "Image Views";
			sourceTree = "<group>";
		};
/* End PBXGroup section */

/* Begin PBXNativeTarget section */
		A4D484022A03CAD4001F0E7A /* WeatherApp */ = {
			isa = PBXNativeTarget;
			buildConfigurationList = A4D484172A03CAD5001F0E7A /* Build configuration list for PBXNativeTarget "WeatherApp" */;
			buildPhases = (
				A4D483FF2A03CAD4001F0E7A /* Sources */,
				A4D484002A03CAD4001F0E7A /* Frameworks */,
				A4D484012A03CAD4001F0E7A /* Resources */,
			);
			buildRules = (
			);
			dependencies = (
			);
			name = WeatherApp;
			packageProductDependencies = (
				A4D4841D2A03CBCF001F0E7A /* SnapKit */,
			);
			productName = WeatherApp;
			productReference = A4D484032A03CAD4001F0E7A /* WeatherApp.app */;
			productType = "com.apple.product-type.application";
		};
/* End PBXNativeTarget section */

/* Begin PBXProject section */
		A4D483FB2A03CAD4001F0E7A /* Project object */ = {
			isa = PBXProject;
			attributes = {
				BuildIndependentTargetsInParallel = 1;
				LastSwiftUpdateCheck = 1430;
				LastUpgradeCheck = 1430;
				TargetAttributes = {
					A4D484022A03CAD4001F0E7A = {
						CreatedOnToolsVersion = 14.3;
					};
				};
			};
			buildConfigurationList = A4D483FE2A03CAD4001F0E7A /* Build configuration list for PBXProject "WeatherApp" */;
			compatibilityVersion = "Xcode 14.0";
			developmentRegion = en;
			hasScannedForEncodings = 0;
			knownRegions = (
				en,
				Base,
			);
			mainGroup = A4D483FA2A03CAD4001F0E7A;
			packageReferences = (
				A4D4841C2A03CBCF001F0E7A /* XCRemoteSwiftPackageReference "SnapKit" */,
			);
			productRefGroup = A4D484042A03CAD4001F0E7A /* Products */;
			projectDirPath = "";
			projectRoot = "";
			targets = (
				A4D484022A03CAD4001F0E7A /* WeatherApp */,
			);
		};
/* End PBXProject section */

/* Begin PBXResourcesBuildPhase section */
		A4D484012A03CAD4001F0E7A /* Resources */ = {
			isa = PBXResourcesBuildPhase;
			buildActionMask = 2147483647;
			files = (
				A4D484102A03CAD5001F0E7A /* Assets.xcassets in Resources */,
			);
			runOnlyForDeploymentPostprocessing = 0;
		};
/* End PBXResourcesBuildPhase section */

/* Begin PBXSourcesBuildPhase section */
		A4D483FF2A03CAD4001F0E7A /* Sources */ = {
			isa = PBXSourcesBuildPhase;
			buildActionMask = 2147483647;
			files = (
				A491C3862A07B5F000C22347 /* Constants.swift in Sources */,
				A4F9D8E42A092D2B00D67E74 /* FortuneVC.swift in Sources */,
				A4D484212A03D30C001F0E7A /* OPBigLabel.swift in Sources */,
				A45D08BF2A08332100E07522 /* WeatherConditionsView.swift in Sources */,
				A4054B5D2A06F1F9007ACE98 /* OPTextField.swift in Sources */,
				A4121A1E2A068BD5008ABA03 /* APIConstants.swift in Sources */,
				A45F046A2A0952A4008B2A0B /* OPMiddleLabel.swift in Sources */,
				A4121A152A068AFA008ABA03 /* NetworkManager.swift in Sources */,
				A4121A242A068CE4008ABA03 /* WeatherModel.swift in Sources */,
				A4D4842B2A0404F0001F0E7A /* OPImageView.swift in Sources */,
				A45F04682A094FF7008B2A0B /* FortuneModel.swift in Sources */,
				A4D4840B2A03CAD4001F0E7A /* WeatherVC.swift in Sources */,
				A4121A212A068CA1008ABA03 /* WeatherService.swift in Sources */,
				A45D08C12A083FD900E07522 /* WeatherConditionsSecondView.swift in Sources */,
				A4D484292A03FF38001F0E7A /* OPDegreeLabel.swift in Sources */,
				A4121A112A067BE8008ABA03 /* OPSymbolButton.swift in Sources */,
				A4D484312A041689001F0E7A /* OPSmallLabel.swift in Sources */,
				A4D484072A03CAD4001F0E7A /* AppDelegate.swift in Sources */,
				A4D484092A03CAD4001F0E7A /* SceneDelegate.swift in Sources */,
				A4121A272A069186008ABA03 /* WeatherVM.swift in Sources */,
				A45E38792A0A6426006A482A /* OPButton.swift in Sources */,
				A4121A1B2A068BA3008ABA03 /* ErrorTypes.swift in Sources */,
				A4121A292A0697F4008ABA03 /* LocationService.swift in Sources */,
				A4121A192A068B7A008ABA03 /* HTTPMethods.swift in Sources */,
			);
			runOnlyForDeploymentPostprocessing = 0;
		};
/* End PBXSourcesBuildPhase section */

/* Begin XCBuildConfiguration section */
		A4D484152A03CAD5001F0E7A /* Debug */ = {
			isa = XCBuildConfiguration;
			buildSettings = {
				ALWAYS_SEARCH_USER_PATHS = NO;
				CLANG_ANALYZER_NONNULL = YES;
				CLANG_ANALYZER_NUMBER_OBJECT_CONVERSION = YES_AGGRESSIVE;
				CLANG_CXX_LANGUAGE_STANDARD = "gnu++20";
				CLANG_ENABLE_MODULES = YES;
				CLANG_ENABLE_OBJC_ARC = YES;
				CLANG_ENABLE_OBJC_WEAK = YES;
				CLANG_WARN_BLOCK_CAPTURE_AUTORELEASING = YES;
				CLANG_WARN_BOOL_CONVERSION = YES;
				CLANG_WARN_COMMA = YES;
				CLANG_WARN_CONSTANT_CONVERSION = YES;
				CLANG_WARN_DEPRECATED_OBJC_IMPLEMENTATIONS = YES;
				CLANG_WARN_DIRECT_OBJC_ISA_USAGE = YES_ERROR;
				CLANG_WARN_DOCUMENTATION_COMMENTS = YES;
				CLANG_WARN_EMPTY_BODY = YES;
				CLANG_WARN_ENUM_CONVERSION = YES;
				CLANG_WARN_INFINITE_RECURSION = YES;
				CLANG_WARN_INT_CONVERSION = YES;
				CLANG_WARN_NON_LITERAL_NULL_CONVERSION = YES;
				CLANG_WARN_OBJC_IMPLICIT_RETAIN_SELF = YES;
				CLANG_WARN_OBJC_LITERAL_CONVERSION = YES;
				CLANG_WARN_OBJC_ROOT_CLASS = YES_ERROR;
				CLANG_WARN_QUOTED_INCLUDE_IN_FRAMEWORK_HEADER = YES;
				CLANG_WARN_RANGE_LOOP_ANALYSIS = YES;
				CLANG_WARN_STRICT_PROTOTYPES = YES;
				CLANG_WARN_SUSPICIOUS_MOVE = YES;
				CLANG_WARN_UNGUARDED_AVAILABILITY = YES_AGGRESSIVE;
				CLANG_WARN_UNREACHABLE_CODE = YES;
				CLANG_WARN__DUPLICATE_METHOD_MATCH = YES;
				COPY_PHASE_STRIP = NO;
				DEBUG_INFORMATION_FORMAT = dwarf;
				ENABLE_STRICT_OBJC_MSGSEND = YES;
				ENABLE_TESTABILITY = YES;
				GCC_C_LANGUAGE_STANDARD = gnu11;
				GCC_DYNAMIC_NO_PIC = NO;
				GCC_NO_COMMON_BLOCKS = YES;
				GCC_OPTIMIZATION_LEVEL = 0;
				GCC_PREPROCESSOR_DEFINITIONS = (
					"DEBUG=1",
					"$(inherited)",
				);
				GCC_WARN_64_TO_32_BIT_CONVERSION = YES;
				GCC_WARN_ABOUT_RETURN_TYPE = YES_ERROR;
				GCC_WARN_UNDECLARED_SELECTOR = YES;
				GCC_WARN_UNINITIALIZED_AUTOS = YES_AGGRESSIVE;
				GCC_WARN_UNUSED_FUNCTION = YES;
				GCC_WARN_UNUSED_VARIABLE = YES;
				IPHONEOS_DEPLOYMENT_TARGET = 16.4;
				MTL_ENABLE_DEBUG_INFO = INCLUDE_SOURCE;
				MTL_FAST_MATH = YES;
				ONLY_ACTIVE_ARCH = YES;
				SDKROOT = iphoneos;
				SWIFT_ACTIVE_COMPILATION_CONDITIONS = DEBUG;
				SWIFT_OPTIMIZATION_LEVEL = "-Onone";
			};
			name = Debug;
		};
		A4D484162A03CAD5001F0E7A /* Release */ = {
			isa = XCBuildConfiguration;
			buildSettings = {
				ALWAYS_SEARCH_USER_PATHS = NO;
				CLANG_ANALYZER_NONNULL = YES;
				CLANG_ANALYZER_NUMBER_OBJECT_CONVERSION = YES_AGGRESSIVE;
				CLANG_CXX_LANGUAGE_STANDARD = "gnu++20";
				CLANG_ENABLE_MODULES = YES;
				CLANG_ENABLE_OBJC_ARC = YES;
				CLANG_ENABLE_OBJC_WEAK = YES;
				CLANG_WARN_BLOCK_CAPTURE_AUTORELEASING = YES;
				CLANG_WARN_BOOL_CONVERSION = YES;
				CLANG_WARN_COMMA = YES;
				CLANG_WARN_CONSTANT_CONVERSION = YES;
				CLANG_WARN_DEPRECATED_OBJC_IMPLEMENTATIONS = YES;
				CLANG_WARN_DIRECT_OBJC_ISA_USAGE = YES_ERROR;
				CLANG_WARN_DOCUMENTATION_COMMENTS = YES;
				CLANG_WARN_EMPTY_BODY = YES;
				CLANG_WARN_ENUM_CONVERSION = YES;
				CLANG_WARN_INFINITE_RECURSION = YES;
				CLANG_WARN_INT_CONVERSION = YES;
				CLANG_WARN_NON_LITERAL_NULL_CONVERSION = YES;
				CLANG_WARN_OBJC_IMPLICIT_RETAIN_SELF = YES;
				CLANG_WARN_OBJC_LITERAL_CONVERSION = YES;
				CLANG_WARN_OBJC_ROOT_CLASS = YES_ERROR;
				CLANG_WARN_QUOTED_INCLUDE_IN_FRAMEWORK_HEADER = YES;
				CLANG_WARN_RANGE_LOOP_ANALYSIS = YES;
				CLANG_WARN_STRICT_PROTOTYPES = YES;
				CLANG_WARN_SUSPICIOUS_MOVE = YES;
				CLANG_WARN_UNGUARDED_AVAILABILITY = YES_AGGRESSIVE;
				CLANG_WARN_UNREACHABLE_CODE = YES;
				CLANG_WARN__DUPLICATE_METHOD_MATCH = YES;
				COPY_PHASE_STRIP = NO;
				DEBUG_INFORMATION_FORMAT = "dwarf-with-dsym";
				ENABLE_NS_ASSERTIONS = NO;
				ENABLE_STRICT_OBJC_MSGSEND = YES;
				GCC_C_LANGUAGE_STANDARD = gnu11;
				GCC_NO_COMMON_BLOCKS = YES;
				GCC_WARN_64_TO_32_BIT_CONVERSION = YES;
				GCC_WARN_ABOUT_RETURN_TYPE = YES_ERROR;
				GCC_WARN_UNDECLARED_SELECTOR = YES;
				GCC_WARN_UNINITIALIZED_AUTOS = YES_AGGRESSIVE;
				GCC_WARN_UNUSED_FUNCTION = YES;
				GCC_WARN_UNUSED_VARIABLE = YES;
				IPHONEOS_DEPLOYMENT_TARGET = 16.4;
				MTL_ENABLE_DEBUG_INFO = NO;
				MTL_FAST_MATH = YES;
				SDKROOT = iphoneos;
				SWIFT_COMPILATION_MODE = wholemodule;
				SWIFT_OPTIMIZATION_LEVEL = "-O";
				VALIDATE_PRODUCT = YES;
			};
			name = Release;
		};
		A4D484182A03CAD5001F0E7A /* Debug */ = {
			isa = XCBuildConfiguration;
			buildSettings = {
				ASSETCATALOG_COMPILER_APPICON_NAME = AppIcon;
				ASSETCATALOG_COMPILER_GLOBAL_ACCENT_COLOR_NAME = AccentColor;
				CODE_SIGN_STYLE = Automatic;
				CURRENT_PROJECT_VERSION = 1;
				GENERATE_INFOPLIST_FILE = YES;
				INFOPLIST_FILE = WeatherApp/Info.plist;
				INFOPLIST_KEY_UIApplicationSupportsIndirectInputEvents = YES;
				INFOPLIST_KEY_UILaunchStoryboardName = LaunchScreen;
				INFOPLIST_KEY_UISupportedInterfaceOrientations = UIInterfaceOrientationPortrait;
				LD_RUNPATH_SEARCH_PATHS = (
					"$(inherited)",
					"@executable_path/Frameworks",
				);
				MARKETING_VERSION = 1.0;
				PRODUCT_BUNDLE_IDENTIFIER = oliwia.WeatherApp;
				PRODUCT_NAME = "$(TARGET_NAME)";
				SWIFT_EMIT_LOC_STRINGS = YES;
				SWIFT_VERSION = 5.0;
				TARGETED_DEVICE_FAMILY = "1,2";
			};
			name = Debug;
		};
		A4D484192A03CAD5001F0E7A /* Release */ = {
			isa = XCBuildConfiguration;
			buildSettings = {
				ASSETCATALOG_COMPILER_APPICON_NAME = AppIcon;
				ASSETCATALOG_COMPILER_GLOBAL_ACCENT_COLOR_NAME = AccentColor;
				CODE_SIGN_STYLE = Automatic;
				CURRENT_PROJECT_VERSION = 1;
				GENERATE_INFOPLIST_FILE = YES;
				INFOPLIST_FILE = WeatherApp/Info.plist;
				INFOPLIST_KEY_UIApplicationSupportsIndirectInputEvents = YES;
				INFOPLIST_KEY_UILaunchStoryboardName = LaunchScreen;
				INFOPLIST_KEY_UISupportedInterfaceOrientations = UIInterfaceOrientationPortrait;
				LD_RUNPATH_SEARCH_PATHS = (
					"$(inherited)",
					"@executable_path/Frameworks",
				);
				MARKETING_VERSION = 1.0;
				PRODUCT_BUNDLE_IDENTIFIER = oliwia.WeatherApp;
				PRODUCT_NAME = "$(TARGET_NAME)";
				SWIFT_EMIT_LOC_STRINGS = YES;
				SWIFT_VERSION = 5.0;
				TARGETED_DEVICE_FAMILY = "1,2";
			};
			name = Release;
		};
/* End XCBuildConfiguration section */

/* Begin XCConfigurationList section */
		A4D483FE2A03CAD4001F0E7A /* Build configuration list for PBXProject "WeatherApp" */ = {
			isa = XCConfigurationList;
			buildConfigurations = (
				A4D484152A03CAD5001F0E7A /* Debug */,
				A4D484162A03CAD5001F0E7A /* Release */,
			);
			defaultConfigurationIsVisible = 0;
			defaultConfigurationName = Release;
		};
		A4D484172A03CAD5001F0E7A /* Build configuration list for PBXNativeTarget "WeatherApp" */ = {
			isa = XCConfigurationList;
			buildConfigurations = (
				A4D484182A03CAD5001F0E7A /* Debug */,
				A4D484192A03CAD5001F0E7A /* Release */,
			);
			defaultConfigurationIsVisible = 0;
			defaultConfigurationName = Release;
		};
/* End XCConfigurationList section */

/* Begin XCRemoteSwiftPackageReference section */
		A4D4841C2A03CBCF001F0E7A /* XCRemoteSwiftPackageReference "SnapKit" */ = {
			isa = XCRemoteSwiftPackageReference;
			repositoryURL = "https://github.com/SnapKit/SnapKit.git";
			requirement = {
				kind = upToNextMajorVersion;
				minimumVersion = 5.0.0;
			};
		};
/* End XCRemoteSwiftPackageReference section */

/* Begin XCSwiftPackageProductDependency section */
		A4D4841D2A03CBCF001F0E7A /* SnapKit */ = {
			isa = XCSwiftPackageProductDependency;
			package = A4D4841C2A03CBCF001F0E7A /* XCRemoteSwiftPackageReference "SnapKit" */;
			productName = SnapKit;
		};
/* End XCSwiftPackageProductDependency section */
	};
	rootObject = A4D483FB2A03CAD4001F0E7A /* Project object */;
}
